
Microsoft Visual Studio Solution File, Format Version 12.00
# Visual Studio Version 17
VisualStudioVersion = 17.14.36119.2 d17.14
MinimumVisualStudioVersion = 10.0.40219.1
Project("{FAE04EC0-301F-11D3-BF4B-00C04F79EFBC}") = "Finservices_ado_dashboard", "Finservices_ado_dashboard\Finservices_ado_dashboard.csproj", "{059B3360-82F4-4A60-BEE5-B6BD2994670E}"
EndProject
Global
	GlobalSection(SolutionConfigurationPlatforms) = preSolution
		Debug|Any CPU = Debug|Any CPU
		Release|Any CPU = Release|Any CPU
	EndGlobalSection
	GlobalSection(ProjectConfigurationPlatforms) = postSolution
		{059B3360-82F4-4A60-BEE5-B6BD2994670E}.Debug|Any CPU.ActiveCfg = Debug|Any CPU
		{059B3360-82F4-4A60-BEE5-B6BD2994670E}.Debug|Any CPU.Build.0 = Debug|Any CPU
		{059B3360-82F4-4A60-BEE5-B6BD2994670E}.Release|Any CPU.ActiveCfg = Release|Any CPU
		{059B3360-82F4-4A60-BEE5-B6BD2994670E}.Release|Any CPU.Build.0 = Release|Any CPU
	EndGlobalSection
	GlobalSection(SolutionProperties) = preSolution
		HideSolutionNode = FALSE
	EndGlobalSection
	GlobalSection(ExtensibilityGlobals) = postSolution
		SolutionGuid = {C1D45360-D29C-4F29-9AEB-CEDA6349F809}
	EndGlobalSection
EndGlobal
